// !$*UTF8*$!
{
	archiveVersion = 1;
	classes = {
	};
	objectVersion = 46;
	objects = {

/* Begin PBXBuildFile section */
		7AA07F1A1D130E6500305D7F /* main.m in Sources */ = {isa = PBXBuildFile; fileRef = 7AA07F191D130E6500305D7F /* main.m */; };
		7AA07F1D1D130E6500305D7F /* AppDelegate.m in Sources */ = {isa = PBXBuildFile; fileRef = 7AA07F1C1D130E6500305D7F /* AppDelegate.m */; };
		7AA07F201D130E6500305D7F /* ViewController.m in Sources */ = {isa = PBXBuildFile; fileRef = 7AA07F1F1D130E6500305D7F /* ViewController.m */; };
		7AA07F231D130E6500305D7F /* Main.storyboard in Resources */ = {isa = PBXBuildFile; fileRef = 7AA07F211D130E6500305D7F /* Main.storyboard */; };
		7AA07F251D130E6500305D7F /* Assets.xcassets in Resources */ = {isa = PBXBuildFile; fileRef = 7AA07F241D130E6500305D7F /* Assets.xcassets */; };
		7AA07F281D130E6500305D7F /* LaunchScreen.storyboard in Resources */ = {isa = PBXBuildFile; fileRef = 7AA07F261D130E6500305D7F /* LaunchScreen.storyboard */; };
		7AA07F331D130E6500305D7F /* GoEuroTests.m in Sources */ = {isa = PBXBuildFile; fileRef = 7AA07F321D130E6500305D7F /* GoEuroTests.m */; };
/* End PBXBuildFile section */

/* Begin PBXContainerItemProxy section */
		7AA07F2F1D130E6500305D7F /* PBXContainerItemProxy */ = {
			isa = PBXContainerItemProxy;
			containerPortal = 7AA07F0D1D130E6500305D7F /* Project object */;
			proxyType = 1;
			remoteGlobalIDString = 7AA07F141D130E6500305D7F;
			remoteInfo = GoEuro;
		};
/* End PBXContainerItemProxy section */

/* Begin PBXFileReference section */
		7AA07F151D130E6500305D7F /* GoEuro.app */ = {isa = PBXFileReference; explicitFileType = wrapper.application; includeInIndex = 0; path = GoEuro.app; sourceTree = BUILT_PRODUCTS_DIR; };
		7AA07F191D130E6500305D7F /* main.m */ = {isa = PBXFileReference; lastKnownFileType = sourcecode.c.objc; path = main.m; sourceTree = "<group>"; };
		7AA07F1B1D130E6500305D7F /* AppDelegate.h */ = {isa = PBXFileReference; lastKnownFileType = sourcecode.c.h; path = AppDelegate.h; sourceTree = "<group>"; };
		7AA07F1C1D130E6500305D7F /* AppDelegate.m */ = {isa = PBXFileReference; lastKnownFileType = sourcecode.c.objc; path = AppDelegate.m; sourceTree = "<group>"; };
		7AA07F1E1D130E6500305D7F /* ViewController.h */ = {isa = PBXFileReference; lastKnownFileType = sourcecode.c.h; path = ViewController.h; sourceTree = "<group>"; };
		7AA07F1F1D130E6500305D7F /* ViewController.m */ = {isa = PBXFileReference; lastKnownFileType = sourcecode.c.objc; path = ViewController.m; sourceTree = "<group>"; };
		7AA07F221D130E6500305D7F /* Base */ = {isa = PBXFileReference; lastKnownFileType = file.storyboard; name = Base; path = Base.lproj/Main.storyboard; sourceTree = "<group>"; };
		7AA07F241D130E6500305D7F /* Assets.xcassets */ = {isa = PBXFileReference; lastKnownFileType = folder.assetcatalog; path = Assets.xcassets; sourceTree = "<group>"; };
		7AA07F271D130E6500305D7F /* Base */ = {isa = PBXFileReference; lastKnownFileType = file.storyboard; name = Base; path = Base.lproj/LaunchScreen.storyboard; sourceTree = "<group>"; };
		7AA07F291D130E6500305D7F /* Info.plist */ = {isa = PBXFileReference; lastKnownFileType = text.plist.xml; path = Info.plist; sourceTree = "<group>"; };
		7AA07F2E1D130E6500305D7F /* GoEuroTests.xctest */ = {isa = PBXFileReference; explicitFileType = wrapper.cfbundle; includeInIndex = 0; path = GoEuroTests.xctest; sourceTree = BUILT_PRODUCTS_DIR; };
		7AA07F321D130E6500305D7F /* GoEuroTests.m */ = {isa = PBXFileReference; lastKnownFileType = sourcecode.c.objc; path = GoEuroTests.m; sourceTree = "<group>"; };
		7AA07F341D130E6500305D7F /* Info.plist */ = {isa = PBXFileReference; lastKnownFileType = text.plist.xml; path = Info.plist; sourceTree = "<group>"; };
/* End PBXFileReference section */

/* Begin PBXFrameworksBuildPhase section */
		7AA07F121D130E6500305D7F /* Frameworks */ = {
			isa = PBXFrameworksBuildPhase;
			buildActionMask = 2147483647;
			files = (
			);
			runOnlyForDeploymentPostprocessing = 0;
		};
		7AA07F2B1D130E6500305D7F /* Frameworks */ = {
			isa = PBXFrameworksBuildPhase;
			buildActionMask = 2147483647;
			files = (
			);
			runOnlyForDeploymentPostprocessing = 0;
		};
/* End PBXFrameworksBuildPhase section */

/* Begin PBXGroup section */
		7AA07F0C1D130E6500305D7F = {
			isa = PBXGroup;
			children = (
				7AA07F171D130E6500305D7F /* GoEuro */,
				7AA07F311D130E6500305D7F /* GoEuroTests */,
				7AA07F161D130E6500305D7F /* Products */,
			);
			sourceTree = "<group>";
		};
		7AA07F161D130E6500305D7F /* Products */ = {
			isa = PBXGroup;
			children = (
				7AA07F151D130E6500305D7F /* GoEuro.app */,
				7AA07F2E1D130E6500305D7F /* GoEuroTests.xctest */,
			);
			name = Products;
			sourceTree = "<group>";
		};
		7AA07F171D130E6500305D7F /* GoEuro */ = {
			isa = PBXGroup;
			children = (
				7AA07F1B1D130E6500305D7F /* AppDelegate.h */,
				7AA07F1C1D130E6500305D7F /* AppDelegate.m */,
				7AA07F1E1D130E6500305D7F /* ViewController.h */,
				7AA07F1F1D130E6500305D7F /* ViewController.m */,
				7AA07F211D130E6500305D7F /* Main.storyboard */,
				7AA07F241D130E6500305D7F /* Assets.xcassets */,
				7AA07F261D130E6500305D7F /* LaunchScreen.storyboard */,
				7AA07F291D130E6500305D7F /* Info.plist */,
				7AA07F181D130E6500305D7F /* Supporting Files */,
			);
			path = GoEuro;
			sourceTree = "<group>";
		};
		7AA07F181D130E6500305D7F /* Supporting Files */ = {
			isa = PBXGroup;
			children = (
				7AA07F191D130E6500305D7F /* main.m */,
			);
			name = "Supporting Files";
			sourceTree = "<group>";
		};
		7AA07F311D130E6500305D7F /* GoEuroTests */ = {
			isa = PBXGroup;
			children = (
				7AA07F321D130E6500305D7F /* GoEuroTests.m */,
				7AA07F341D130E6500305D7F /* Info.plist */,
			);
			path = GoEuroTests;
			sourceTree = "<group>";
		};
/* End PBXGroup section */

/* Begin PBXNativeTarget section */
		7AA07F141D130E6500305D7F /* GoEuro */ = {
			isa = PBXNativeTarget;
			buildConfigurationList = 7AA07F371D130E6500305D7F /* Build configuration list for PBXNativeTarget "GoEuro" */;
			buildPhases = (
				7AA07F111D130E6500305D7F /* Sources */,
				7AA07F121D130E6500305D7F /* Frameworks */,
				7AA07F131D130E6500305D7F /* Resources */,
			);
			buildRules = (
			);
			dependencies = (
			);
			name = GoEuro;
			productName = GoEuro;
			productReference = 7AA07F151D130E6500305D7F /* GoEuro.app */;
			productType = "com.apple.product-type.application";
		};
		7AA07F2D1D130E6500305D7F /* GoEuroTests */ = {
			isa = PBXNativeTarget;
			buildConfigurationList = 7AA07F3A1D130E6500305D7F /* Build configuration list for PBXNativeTarget "GoEuroTests" */;
			buildPhases = (
				7AA07F2A1D130E6500305D7F /* Sources */,
				7AA07F2B1D130E6500305D7F /* Frameworks */,
				7AA07F2C1D130E6500305D7F /* Resources */,
			);
			buildRules = (
			);
			dependencies = (
				7AA07F301D130E6500305D7F /* PBXTargetDependency */,
			);
			name = GoEuroTests;
			productName = GoEuroTests;
			productReference = 7AA07F2E1D130E6500305D7F /* GoEuroTests.xctest */;
			productType = "com.apple.product-type.bundle.unit-test";
		};
/* End PBXNativeTarget section */

/* Begin PBXProject section */
		7AA07F0D1D130E6500305D7F /* Project object */ = {
			isa = PBXProject;
			attributes = {
				LastUpgradeCheck = 0730;
				ORGANIZATIONNAME = "Zoltan Csipler";
				TargetAttributes = {
					7AA07F141D130E6500305D7F = {
						CreatedOnToolsVersion = 7.3;
					};
					7AA07F2D1D130E6500305D7F = {
						CreatedOnToolsVersion = 7.3;
						TestTargetID = 7AA07F141D130E6500305D7F;
					};
				};
			};
			buildConfigurationList = 7AA07F101D130E6500305D7F /* Build configuration list for PBXProject "GoEuro" */;
			compatibilityVersion = "Xcode 3.2";
			developmentRegion = English;
			hasScannedForEncodings = 0;
			knownRegions = (
				en,
				Base,
			);
			mainGroup = 7AA07F0C1D130E6500305D7F;
			productRefGroup = 7AA07F161D130E6500305D7F /* Products */;
			projectDirPath = "";
			projectRoot = "";
			targets = (
				7AA07F141D130E6500305D7F /* GoEuro */,
				7AA07F2D1D130E6500305D7F /* GoEuroTests */,
			);
		};
/* End PBXProject section */

/* Begin PBXResourcesBuildPhase section */
		7AA07F131D130E6500305D7F /* Resources */ = {
			isa = PBXResourcesBuildPhase;
			buildActionMask = 2147483647;
			files = (
				7AA07F281D130E6500305D7F /* LaunchScreen.storyboard in Resources */,
				7AA07F251D130E6500305D7F /* Assets.xcassets in Resources */,
				7AA07F231D130E6500305D7F /* Main.storyboard in Resources */,
			);
			runOnlyForDeploymentPostprocessing = 0;
		};
		7AA07F2C1D130E6500305D7F /* Resources */ = {
			isa = PBXResourcesBuildPhase;
			buildActionMask = 2147483647;
			files = (
			);
			runOnlyForDeploymentPostprocessing = 0;
		};
/* End PBXResourcesBuildPhase section */

/* Begin PBXSourcesBuildPhase section */
		7AA07F111D130E6500305D7F /* Sources */ = {
			isa = PBXSourcesBuildPhase;
			buildActionMask = 2147483647;
			files = (
				7AA07F201D130E6500305D7F /* ViewController.m in Sources */,
				7AA07F1D1D130E6500305D7F /* AppDelegate.m in Sources */,
				7AA07F1A1D130E6500305D7F /* main.m in Sources */,
			);
			runOnlyForDeploymentPostprocessing = 0;
		};
		7AA07F2A1D130E6500305D7F /* Sources */ = {
			isa = PBXSourcesBuildPhase;
			buildActionMask = 2147483647;
			files = (
				7AA07F331D130E6500305D7F /* GoEuroTests.m in Sources */,
			);
			runOnlyForDeploymentPostprocessing = 0;
		};
/* End PBXSourcesBuildPhase section */

/* Begin PBXTargetDependency section */
		7AA07F301D130E6500305D7F /* PBXTargetDependency */ = {
			isa = PBXTargetDependency;
			target = 7AA07F141D130E6500305D7F /* GoEuro */;
			targetProxy = 7AA07F2F1D130E6500305D7F /* PBXContainerItemProxy */;
		};
/* End PBXTargetDependency section */

/* Begin PBXVariantGroup section */
		7AA07F211D130E6500305D7F /* Main.storyboard */ = {
			isa = PBXVariantGroup;
			children = (
				7AA07F221D130E6500305D7F /* Base */,
			);
			name = Main.storyboard;
			sourceTree = "<group>";
		};
		7AA07F261D130E6500305D7F /* LaunchScreen.storyboard */ = {
			isa = PBXVariantGroup;
			children = (
				7AA07F271D130E6500305D7F /* Base */,
			);
			name = LaunchScreen.storyboard;
			sourceTree = "<group>";
		};
/* End PBXVariantGroup section */

/* Begin XCBuildConfiguration section */
		7AA07F351D130E6500305D7F /* Debug */ = {
			isa = XCBuildConfiguration;
			buildSettings = {
				ALWAYS_SEARCH_USER_PATHS = NO;
				CLANG_ANALYZER_NONNULL = YES;
				CLANG_CXX_LANGUAGE_STANDARD = "gnu++0x";
				CLANG_CXX_LIBRARY = "libc++";
				CLANG_ENABLE_MODULES = YES;
				CLANG_ENABLE_OBJC_ARC = YES;
				CLANG_WARN_BOOL_CONVERSION = YES;
				CLANG_WARN_CONSTANT_CONVERSION = YES;
				CLANG_WARN_DIRECT_OBJC_ISA_USAGE = YES_ERROR;
				CLANG_WARN_EMPTY_BODY = YES;
				CLANG_WARN_ENUM_CONVERSION = YES;
				CLANG_WARN_INT_CONVERSION = YES;
				CLANG_WARN_OBJC_ROOT_CLASS = YES_ERROR;
				CLANG_WARN_UNREACHABLE_CODE = YES;
				CLANG_WARN__DUPLICATE_METHOD_MATCH = YES;
				"CODE_SIGN_IDENTITY[sdk=iphoneos*]" = "iPhone Developer";
				COPY_PHASE_STRIP = NO;
				DEBUG_INFORMATION_FORMAT = dwarf;
				ENABLE_STRICT_OBJC_MSGSEND = YES;
				ENABLE_TESTABILITY = YES;
				GCC_C_LANGUAGE_STANDARD = gnu99;
				GCC_DYNAMIC_NO_PIC = NO;
				GCC_NO_COMMON_BLOCKS = YES;
				GCC_OPTIMIZATION_LEVEL = 0;
				GCC_PREPROCESSOR_DEFINITIONS = (
					"DEBUG=1",
					"$(inherited)",
				);
				GCC_WARN_64_TO_32_BIT_CONVERSION = YES;
				GCC_WARN_ABOUT_RETURN_TYPE = YES_ERROR;
				GCC_WARN_UNDECLARED_SELECTOR = YES;
				GCC_WARN_UNINITIALIZED_AUTOS = YES_AGGRESSIVE;
				GCC_WARN_UNUSED_FUNCTION = YES;
				GCC_WARN_UNUSED_VARIABLE = YES;
				IPHONEOS_DEPLOYMENT_TARGET = 9.3;
				MTL_ENABLE_DEBUG_INFO = YES;
				ONLY_ACTIVE_ARCH = YES;
				SDKROOT = iphoneos;
				TARGETED_DEVICE_FAMILY = "1,2";
			};
			name = Debug;
		};
		7AA07F361D130E6500305D7F /* Release */ = {
			isa = XCBuildConfiguration;
			buildSettings = {
				ALWAYS_SEARCH_USER_PATHS = NO;
				CLANG_ANALYZER_NONNULL = YES;
				CLANG_CXX_LANGUAGE_STANDARD = "gnu++0x";
				CLANG_CXX_LIBRARY = "libc++";
				CLANG_ENABLE_MODULES = YES;
				CLANG_ENABLE_OBJC_ARC = YES;
				CLANG_WARN_BOOL_CONVERSION = YES;
				CLANG_WARN_CONSTANT_CONVERSION = YES;
				CLANG_WARN_DIRECT_OBJC_ISA_USAGE = YES_ERROR;
				CLANG_WARN_EMPTY_BODY = YES;
				CLANG_WARN_ENUM_CONVERSION = YES;
				CLANG_WARN_INT_CONVERSION = YES;
				CLANG_WARN_OBJC_ROOT_CLASS = YES_ERROR;
				CLANG_WARN_UNREACHABLE_CODE = YES;
				CLANG_WARN__DUPLICATE_METHOD_MATCH = YES;
				"CODE_SIGN_IDENTITY[sdk=iphoneos*]" = "iPhone Developer";
				COPY_PHASE_STRIP = NO;
				DEBUG_INFORMATION_FORMAT = "dwarf-with-dsym";
				ENABLE_NS_ASSERTIONS = NO;
				ENABLE_STRICT_OBJC_MSGSEND = YES;
				GCC_C_LANGUAGE_STANDARD = gnu99;
				GCC_NO_COMMON_BLOCKS = YES;
				GCC_WARN_64_TO_32_BIT_CONVERSION = YES;
				GCC_WARN_ABOUT_RETURN_TYPE = YES_ERROR;
				GCC_WARN_UNDECLARED_SELECTOR = YES;
				GCC_WARN_UNINITIALIZED_AUTOS = YES_AGGRESSIVE;
				GCC_WARN_UNUSED_FUNCTION = YES;
				GCC_WARN_UNUSED_VARIABLE = YES;
				IPHONEOS_DEPLOYMENT_TARGET = 9.3;
				MTL_ENABLE_DEBUG_INFO = NO;
				SDKROOT = iphoneos;
				TARGETED_DEVICE_FAMILY = "1,2";
				VALIDATE_PRODUCT = YES;
			};
			name = Release;
		};
		7AA07F381D130E6500305D7F /* Debug */ = {
			isa = XCBuildConfiguration;
			buildSettings = {
				ASSETCATALOG_COMPILER_APPICON_NAME = AppIcon;
				INFOPLIST_FILE = GoEuro/Info.plist;
				LD_RUNPATH_SEARCH_PATHS = "$(inherited) @executable_path/Frameworks";
				PRODUCT_BUNDLE_IDENTIFIER = goeuro.GoEuro;
				PRODUCT_NAME = "$(TARGET_NAME)";
			};
			name = Debug;
		};
		7AA07F391D130E6500305D7F /* Release */ = {
			isa = XCBuildConfiguration;
			buildSettings = {
				ASSETCATALOG_COMPILER_APPICON_NAME = AppIcon;
				INFOPLIST_FILE = GoEuro/Info.plist;
				LD_RUNPATH_SEARCH_PATHS = "$(inherited) @executable_path/Frameworks";
				PRODUCT_BUNDLE_IDENTIFIER = goeuro.GoEuro;
				PRODUCT_NAME = "$(TARGET_NAME)";
			};
			name = Release;
		};
		7AA07F3B1D130E6500305D7F /* Debug */ = {
			isa = XCBuildConfiguration;
			buildSettings = {
				BUNDLE_LOADER = "$(TEST_HOST)";
				INFOPLIST_FILE = GoEuroTests/Info.plist;
				LD_RUNPATH_SEARCH_PATHS = "$(inherited) @executable_path/Frameworks @loader_path/Frameworks";
				PRODUCT_BUNDLE_IDENTIFIER = goeuro.GoEuroTests;
				PRODUCT_NAME = "$(TARGET_NAME)";
				TEST_HOST = "$(BUILT_PRODUCTS_DIR)/GoEuro.app/GoEuro";
			};
			name = Debug;
		};
		7AA07F3C1D130E6500305D7F /* Release */ = {
			isa = XCBuildConfiguration;
			buildSettings = {
				BUNDLE_LOADER = "$(TEST_HOST)";
				INFOPLIST_FILE = GoEuroTests/Info.plist;
				LD_RUNPATH_SEARCH_PATHS = "$(inherited) @executable_path/Frameworks @loader_path/Frameworks";
				PRODUCT_BUNDLE_IDENTIFIER = goeuro.GoEuroTests;
				PRODUCT_NAME = "$(TARGET_NAME)";
				TEST_HOST = "$(BUILT_PRODUCTS_DIR)/GoEuro.app/GoEuro";
			};
			name = Release;
		};
/* End XCBuildConfiguration section */

/* Begin XCConfigurationList section */
		7AA07F101D130E6500305D7F /* Build configuration list for PBXProject "GoEuro" */ = {
			isa = XCConfigurationList;
			buildConfigurations = (
				7AA07F351D130E6500305D7F /* Debug */,
				7AA07F361D130E6500305D7F /* Release */,
			);
			defaultConfigurationIsVisible = 0;
			defaultConfigurationName = Release;
		};
		7AA07F371D130E6500305D7F /* Build configuration list for PBXNativeTarget "GoEuro" */ = {
			isa = XCConfigurationList;
			buildConfigurations = (
				7AA07F381D130E6500305D7F /* Debug */,
				7AA07F391D130E6500305D7F /* Release */,
			);
			defaultConfigurationIsVisible = 0;
		};
		7AA07F3A1D130E6500305D7F /* Build configuration list for PBXNativeTarget "GoEuroTests" */ = {
			isa = XCConfigurationList;
			buildConfigurations = (
				7AA07F3B1D130E6500305D7F /* Debug */,
				7AA07F3C1D130E6500305D7F /* Release */,
			);
			defaultConfigurationIsVisible = 0;
		};
/* End XCConfigurationList section */
	};
	rootObject = 7AA07F0D1D130E6500305D7F /* Project object */;
}
