// !$*UTF8*$!
{
	archiveVersion = 1;
	classes = {
	};
	objectVersion = 46;
	objects = {

/* Begin PBXBuildFile section */
		7A1361921D16F37B001D82F9 /* CountryCell.m in Sources */ = {isa = PBXBuildFile; fileRef = 7A1361911D16F37B001D82F9 /* CountryCell.m */; };
		7A35A3091D158E6200AE9E7B /* CountryService.m in Sources */ = {isa = PBXBuildFile; fileRef = 7A35A3081D158E6200AE9E7B /* CountryService.m */; };
		7A6438EA1D1457F100D1D3F9 /* GECountry.m in Sources */ = {isa = PBXBuildFile; fileRef = 7A6438E91D1457F100D1D3F9 /* GECountry.m */; };
		7A6438EE1D145C6A00D1D3F9 /* GEGeoPosition.m in Sources */ = {isa = PBXBuildFile; fileRef = 7A6438ED1D145C6A00D1D3F9 /* GEGeoPosition.m */; };
		7A6439111D14603300D1D3F9 /* Info.plist in Resources */ = {isa = PBXBuildFile; fileRef = 7A6438F31D14603300D1D3F9 /* Info.plist */; };
		7A6439121D14603300D1D3F9 /* MTLJSONAdapter.m in Sources */ = {isa = PBXBuildFile; fileRef = 7A6438F61D14603300D1D3F9 /* MTLJSONAdapter.m */; };
		7A6439131D14603300D1D3F9 /* MTLModel.m in Sources */ = {isa = PBXBuildFile; fileRef = 7A6438F81D14603300D1D3F9 /* MTLModel.m */; };
		7A6439141D14603300D1D3F9 /* MTLModel+NSCoding.m in Sources */ = {isa = PBXBuildFile; fileRef = 7A6438FA1D14603300D1D3F9 /* MTLModel+NSCoding.m */; };
		7A6439151D14603300D1D3F9 /* MTLReflection.m in Sources */ = {isa = PBXBuildFile; fileRef = 7A6438FC1D14603300D1D3F9 /* MTLReflection.m */; };
		7A6439161D14603300D1D3F9 /* MTLTransformerErrorHandling.m in Sources */ = {isa = PBXBuildFile; fileRef = 7A6438FE1D14603300D1D3F9 /* MTLTransformerErrorHandling.m */; };
		7A6439171D14603300D1D3F9 /* MTLValueTransformer.m in Sources */ = {isa = PBXBuildFile; fileRef = 7A6439001D14603300D1D3F9 /* MTLValueTransformer.m */; };
		7A6439181D14603300D1D3F9 /* NSArray+MTLManipulationAdditions.m in Sources */ = {isa = PBXBuildFile; fileRef = 7A6439021D14603300D1D3F9 /* NSArray+MTLManipulationAdditions.m */; };
		7A6439191D14603300D1D3F9 /* NSDictionary+MTLJSONKeyPath.m in Sources */ = {isa = PBXBuildFile; fileRef = 7A6439041D14603300D1D3F9 /* NSDictionary+MTLJSONKeyPath.m */; };
		7A64391A1D14603300D1D3F9 /* NSDictionary+MTLManipulationAdditions.m in Sources */ = {isa = PBXBuildFile; fileRef = 7A6439061D14603300D1D3F9 /* NSDictionary+MTLManipulationAdditions.m */; };
		7A64391B1D14603300D1D3F9 /* NSDictionary+MTLMappingAdditions.m in Sources */ = {isa = PBXBuildFile; fileRef = 7A6439081D14603300D1D3F9 /* NSDictionary+MTLMappingAdditions.m */; };
		7A64391C1D14603300D1D3F9 /* NSError+MTLModelException.m in Sources */ = {isa = PBXBuildFile; fileRef = 7A64390A1D14603300D1D3F9 /* NSError+MTLModelException.m */; };
		7A64391D1D14603300D1D3F9 /* NSObject+MTLComparisonAdditions.m in Sources */ = {isa = PBXBuildFile; fileRef = 7A64390C1D14603300D1D3F9 /* NSObject+MTLComparisonAdditions.m */; };
		7A64391E1D14603300D1D3F9 /* NSValueTransformer+MTLInversionAdditions.m in Sources */ = {isa = PBXBuildFile; fileRef = 7A64390E1D14603300D1D3F9 /* NSValueTransformer+MTLInversionAdditions.m */; };
		7A64391F1D14603300D1D3F9 /* NSValueTransformer+MTLPredefinedTransformerAdditions.m in Sources */ = {isa = PBXBuildFile; fileRef = 7A6439101D14603300D1D3F9 /* NSValueTransformer+MTLPredefinedTransformerAdditions.m */; };
		7A64392F1D1460A700D1D3F9 /* EXTRuntimeExtensions.m in Sources */ = {isa = PBXBuildFile; fileRef = 7A64392B1D1460A700D1D3F9 /* EXTRuntimeExtensions.m */; };
		7A6439301D1460A700D1D3F9 /* EXTScope.m in Sources */ = {isa = PBXBuildFile; fileRef = 7A64392D1D1460A700D1D3F9 /* EXTScope.m */; };
		7AA07F1A1D130E6500305D7F /* main.m in Sources */ = {isa = PBXBuildFile; fileRef = 7AA07F191D130E6500305D7F /* main.m */; };
		7AA07F1D1D130E6500305D7F /* AppDelegate.m in Sources */ = {isa = PBXBuildFile; fileRef = 7AA07F1C1D130E6500305D7F /* AppDelegate.m */; };
		7AA07F201D130E6500305D7F /* ViewController.m in Sources */ = {isa = PBXBuildFile; fileRef = 7AA07F1F1D130E6500305D7F /* ViewController.m */; };
		7AA07F231D130E6500305D7F /* Main.storyboard in Resources */ = {isa = PBXBuildFile; fileRef = 7AA07F211D130E6500305D7F /* Main.storyboard */; };
		7AA07F251D130E6500305D7F /* Assets.xcassets in Resources */ = {isa = PBXBuildFile; fileRef = 7AA07F241D130E6500305D7F /* Assets.xcassets */; };
		7AA07F281D130E6500305D7F /* LaunchScreen.storyboard in Resources */ = {isa = PBXBuildFile; fileRef = 7AA07F261D130E6500305D7F /* LaunchScreen.storyboard */; };
		7AA07F331D130E6500305D7F /* GoEuroTests.m in Sources */ = {isa = PBXBuildFile; fileRef = 7AA07F321D130E6500305D7F /* GoEuroTests.m */; };
/* End PBXBuildFile section */

/* Begin PBXContainerItemProxy section */
		7AA07F2F1D130E6500305D7F /* PBXContainerItemProxy */ = {
			isa = PBXContainerItemProxy;
			containerPortal = 7AA07F0D1D130E6500305D7F /* Project object */;
			proxyType = 1;
			remoteGlobalIDString = 7AA07F141D130E6500305D7F;
			remoteInfo = GoEuro;
		};
/* End PBXContainerItemProxy section */

/* Begin PBXFileReference section */
		7A1361901D16F37B001D82F9 /* CountryCell.h */ = {isa = PBXFileReference; fileEncoding = 4; lastKnownFileType = sourcecode.c.h; path = CountryCell.h; sourceTree = "<group>"; };
		7A1361911D16F37B001D82F9 /* CountryCell.m */ = {isa = PBXFileReference; fileEncoding = 4; lastKnownFileType = sourcecode.c.objc; path = CountryCell.m; sourceTree = "<group>"; };
		7A35A3071D158E6200AE9E7B /* CountryService.h */ = {isa = PBXFileReference; fileEncoding = 4; lastKnownFileType = sourcecode.c.h; name = CountryService.h; path = Services/CountryService.h; sourceTree = "<group>"; };
		7A35A3081D158E6200AE9E7B /* CountryService.m */ = {isa = PBXFileReference; fileEncoding = 4; lastKnownFileType = sourcecode.c.objc; name = CountryService.m; path = Services/CountryService.m; sourceTree = "<group>"; };
		7A6438E81D1457F100D1D3F9 /* GECountry.h */ = {isa = PBXFileReference; fileEncoding = 4; lastKnownFileType = sourcecode.c.h; name = GECountry.h; path = Models/GECountry.h; sourceTree = "<group>"; };
		7A6438E91D1457F100D1D3F9 /* GECountry.m */ = {isa = PBXFileReference; fileEncoding = 4; lastKnownFileType = sourcecode.c.objc; name = GECountry.m; path = Models/GECountry.m; sourceTree = "<group>"; };
		7A6438EC1D145C6A00D1D3F9 /* GEGeoPosition.h */ = {isa = PBXFileReference; fileEncoding = 4; lastKnownFileType = sourcecode.c.h; name = GEGeoPosition.h; path = Models/GEGeoPosition.h; sourceTree = "<group>"; };
		7A6438ED1D145C6A00D1D3F9 /* GEGeoPosition.m */ = {isa = PBXFileReference; fileEncoding = 4; lastKnownFileType = sourcecode.c.objc; name = GEGeoPosition.m; path = Models/GEGeoPosition.m; sourceTree = "<group>"; };
		7A6438F31D14603300D1D3F9 /* Info.plist */ = {isa = PBXFileReference; fileEncoding = 4; lastKnownFileType = text.plist.xml; name = Info.plist; path = Libraries/Mantle/Info.plist; sourceTree = "<group>"; };
		7A6438F41D14603300D1D3F9 /* Mantle.h */ = {isa = PBXFileReference; fileEncoding = 4; lastKnownFileType = sourcecode.c.h; name = Mantle.h; path = Libraries/Mantle/Mantle.h; sourceTree = "<group>"; };
		7A6438F51D14603300D1D3F9 /* MTLJSONAdapter.h */ = {isa = PBXFileReference; fileEncoding = 4; lastKnownFileType = sourcecode.c.h; name = MTLJSONAdapter.h; path = Libraries/Mantle/MTLJSONAdapter.h; sourceTree = "<group>"; };
		7A6438F61D14603300D1D3F9 /* MTLJSONAdapter.m */ = {isa = PBXFileReference; fileEncoding = 4; lastKnownFileType = sourcecode.c.objc; name = MTLJSONAdapter.m; path = Libraries/Mantle/MTLJSONAdapter.m; sourceTree = "<group>"; };
		7A6438F71D14603300D1D3F9 /* MTLModel.h */ = {isa = PBXFileReference; fileEncoding = 4; lastKnownFileType = sourcecode.c.h; name = MTLModel.h; path = Libraries/Mantle/MTLModel.h; sourceTree = "<group>"; };
		7A6438F81D14603300D1D3F9 /* MTLModel.m */ = {isa = PBXFileReference; fileEncoding = 4; lastKnownFileType = sourcecode.c.objc; name = MTLModel.m; path = Libraries/Mantle/MTLModel.m; sourceTree = "<group>"; };
		7A6438F91D14603300D1D3F9 /* MTLModel+NSCoding.h */ = {isa = PBXFileReference; fileEncoding = 4; lastKnownFileType = sourcecode.c.h; name = "MTLModel+NSCoding.h"; path = "Libraries/Mantle/MTLModel+NSCoding.h"; sourceTree = "<group>"; };
		7A6438FA1D14603300D1D3F9 /* MTLModel+NSCoding.m */ = {isa = PBXFileReference; fileEncoding = 4; lastKnownFileType = sourcecode.c.objc; name = "MTLModel+NSCoding.m"; path = "Libraries/Mantle/MTLModel+NSCoding.m"; sourceTree = "<group>"; };
		7A6438FB1D14603300D1D3F9 /* MTLReflection.h */ = {isa = PBXFileReference; fileEncoding = 4; lastKnownFileType = sourcecode.c.h; name = MTLReflection.h; path = Libraries/Mantle/MTLReflection.h; sourceTree = "<group>"; };
		7A6438FC1D14603300D1D3F9 /* MTLReflection.m */ = {isa = PBXFileReference; fileEncoding = 4; lastKnownFileType = sourcecode.c.objc; name = MTLReflection.m; path = Libraries/Mantle/MTLReflection.m; sourceTree = "<group>"; };
		7A6438FD1D14603300D1D3F9 /* MTLTransformerErrorHandling.h */ = {isa = PBXFileReference; fileEncoding = 4; lastKnownFileType = sourcecode.c.h; name = MTLTransformerErrorHandling.h; path = Libraries/Mantle/MTLTransformerErrorHandling.h; sourceTree = "<group>"; };
		7A6438FE1D14603300D1D3F9 /* MTLTransformerErrorHandling.m */ = {isa = PBXFileReference; fileEncoding = 4; lastKnownFileType = sourcecode.c.objc; name = MTLTransformerErrorHandling.m; path = Libraries/Mantle/MTLTransformerErrorHandling.m; sourceTree = "<group>"; };
		7A6438FF1D14603300D1D3F9 /* MTLValueTransformer.h */ = {isa = PBXFileReference; fileEncoding = 4; lastKnownFileType = sourcecode.c.h; name = MTLValueTransformer.h; path = Libraries/Mantle/MTLValueTransformer.h; sourceTree = "<group>"; };
		7A6439001D14603300D1D3F9 /* MTLValueTransformer.m */ = {isa = PBXFileReference; fileEncoding = 4; lastKnownFileType = sourcecode.c.objc; name = MTLValueTransformer.m; path = Libraries/Mantle/MTLValueTransformer.m; sourceTree = "<group>"; };
		7A6439011D14603300D1D3F9 /* NSArray+MTLManipulationAdditions.h */ = {isa = PBXFileReference; fileEncoding = 4; lastKnownFileType = sourcecode.c.h; name = "NSArray+MTLManipulationAdditions.h"; path = "Libraries/Mantle/NSArray+MTLManipulationAdditions.h"; sourceTree = "<group>"; };
		7A6439021D14603300D1D3F9 /* NSArray+MTLManipulationAdditions.m */ = {isa = PBXFileReference; fileEncoding = 4; lastKnownFileType = sourcecode.c.objc; name = "NSArray+MTLManipulationAdditions.m"; path = "Libraries/Mantle/NSArray+MTLManipulationAdditions.m"; sourceTree = "<group>"; };
		7A6439031D14603300D1D3F9 /* NSDictionary+MTLJSONKeyPath.h */ = {isa = PBXFileReference; fileEncoding = 4; lastKnownFileType = sourcecode.c.h; name = "NSDictionary+MTLJSONKeyPath.h"; path = "Libraries/Mantle/NSDictionary+MTLJSONKeyPath.h"; sourceTree = "<group>"; };
		7A6439041D14603300D1D3F9 /* NSDictionary+MTLJSONKeyPath.m */ = {isa = PBXFileReference; fileEncoding = 4; lastKnownFileType = sourcecode.c.objc; name = "NSDictionary+MTLJSONKeyPath.m"; path = "Libraries/Mantle/NSDictionary+MTLJSONKeyPath.m"; sourceTree = "<group>"; };
		7A6439051D14603300D1D3F9 /* NSDictionary+MTLManipulationAdditions.h */ = {isa = PBXFileReference; fileEncoding = 4; lastKnownFileType = sourcecode.c.h; name = "NSDictionary+MTLManipulationAdditions.h"; path = "Libraries/Mantle/NSDictionary+MTLManipulationAdditions.h"; sourceTree = "<group>"; };
		7A6439061D14603300D1D3F9 /* NSDictionary+MTLManipulationAdditions.m */ = {isa = PBXFileReference; fileEncoding = 4; lastKnownFileType = sourcecode.c.objc; name = "NSDictionary+MTLManipulationAdditions.m"; path = "Libraries/Mantle/NSDictionary+MTLManipulationAdditions.m"; sourceTree = "<group>"; };
		7A6439071D14603300D1D3F9 /* NSDictionary+MTLMappingAdditions.h */ = {isa = PBXFileReference; fileEncoding = 4; lastKnownFileType = sourcecode.c.h; name = "NSDictionary+MTLMappingAdditions.h"; path = "Libraries/Mantle/NSDictionary+MTLMappingAdditions.h"; sourceTree = "<group>"; };
		7A6439081D14603300D1D3F9 /* NSDictionary+MTLMappingAdditions.m */ = {isa = PBXFileReference; fileEncoding = 4; lastKnownFileType = sourcecode.c.objc; name = "NSDictionary+MTLMappingAdditions.m"; path = "Libraries/Mantle/NSDictionary+MTLMappingAdditions.m"; sourceTree = "<group>"; };
		7A6439091D14603300D1D3F9 /* NSError+MTLModelException.h */ = {isa = PBXFileReference; fileEncoding = 4; lastKnownFileType = sourcecode.c.h; name = "NSError+MTLModelException.h"; path = "Libraries/Mantle/NSError+MTLModelException.h"; sourceTree = "<group>"; };
		7A64390A1D14603300D1D3F9 /* NSError+MTLModelException.m */ = {isa = PBXFileReference; fileEncoding = 4; lastKnownFileType = sourcecode.c.objc; name = "NSError+MTLModelException.m"; path = "Libraries/Mantle/NSError+MTLModelException.m"; sourceTree = "<group>"; };
		7A64390B1D14603300D1D3F9 /* NSObject+MTLComparisonAdditions.h */ = {isa = PBXFileReference; fileEncoding = 4; lastKnownFileType = sourcecode.c.h; name = "NSObject+MTLComparisonAdditions.h"; path = "Libraries/Mantle/NSObject+MTLComparisonAdditions.h"; sourceTree = "<group>"; };
		7A64390C1D14603300D1D3F9 /* NSObject+MTLComparisonAdditions.m */ = {isa = PBXFileReference; fileEncoding = 4; lastKnownFileType = sourcecode.c.objc; name = "NSObject+MTLComparisonAdditions.m"; path = "Libraries/Mantle/NSObject+MTLComparisonAdditions.m"; sourceTree = "<group>"; };
		7A64390D1D14603300D1D3F9 /* NSValueTransformer+MTLInversionAdditions.h */ = {isa = PBXFileReference; fileEncoding = 4; lastKnownFileType = sourcecode.c.h; name = "NSValueTransformer+MTLInversionAdditions.h"; path = "Libraries/Mantle/NSValueTransformer+MTLInversionAdditions.h"; sourceTree = "<group>"; };
		7A64390E1D14603300D1D3F9 /* NSValueTransformer+MTLInversionAdditions.m */ = {isa = PBXFileReference; fileEncoding = 4; lastKnownFileType = sourcecode.c.objc; name = "NSValueTransformer+MTLInversionAdditions.m"; path = "Libraries/Mantle/NSValueTransformer+MTLInversionAdditions.m"; sourceTree = "<group>"; };
		7A64390F1D14603300D1D3F9 /* NSValueTransformer+MTLPredefinedTransformerAdditions.h */ = {isa = PBXFileReference; fileEncoding = 4; lastKnownFileType = sourcecode.c.h; name = "NSValueTransformer+MTLPredefinedTransformerAdditions.h"; path = "Libraries/Mantle/NSValueTransformer+MTLPredefinedTransformerAdditions.h"; sourceTree = "<group>"; };
		7A6439101D14603300D1D3F9 /* NSValueTransformer+MTLPredefinedTransformerAdditions.m */ = {isa = PBXFileReference; fileEncoding = 4; lastKnownFileType = sourcecode.c.objc; name = "NSValueTransformer+MTLPredefinedTransformerAdditions.m"; path = "Libraries/Mantle/NSValueTransformer+MTLPredefinedTransformerAdditions.m"; sourceTree = "<group>"; };
		7A6439291D1460A700D1D3F9 /* EXTKeyPathCoding.h */ = {isa = PBXFileReference; fileEncoding = 4; lastKnownFileType = sourcecode.c.h; name = EXTKeyPathCoding.h; path = Libraries/Mantle/extobjc/EXTKeyPathCoding.h; sourceTree = "<group>"; };
		7A64392A1D1460A700D1D3F9 /* EXTRuntimeExtensions.h */ = {isa = PBXFileReference; fileEncoding = 4; lastKnownFileType = sourcecode.c.h; name = EXTRuntimeExtensions.h; path = Libraries/Mantle/extobjc/EXTRuntimeExtensions.h; sourceTree = "<group>"; };
		7A64392B1D1460A700D1D3F9 /* EXTRuntimeExtensions.m */ = {isa = PBXFileReference; fileEncoding = 4; lastKnownFileType = sourcecode.c.objc; name = EXTRuntimeExtensions.m; path = Libraries/Mantle/extobjc/EXTRuntimeExtensions.m; sourceTree = "<group>"; };
		7A64392C1D1460A700D1D3F9 /* EXTScope.h */ = {isa = PBXFileReference; fileEncoding = 4; lastKnownFileType = sourcecode.c.h; name = EXTScope.h; path = Libraries/Mantle/extobjc/EXTScope.h; sourceTree = "<group>"; };
		7A64392D1D1460A700D1D3F9 /* EXTScope.m */ = {isa = PBXFileReference; fileEncoding = 4; lastKnownFileType = sourcecode.c.objc; name = EXTScope.m; path = Libraries/Mantle/extobjc/EXTScope.m; sourceTree = "<group>"; };
		7A64392E1D1460A700D1D3F9 /* metamacros.h */ = {isa = PBXFileReference; fileEncoding = 4; lastKnownFileType = sourcecode.c.h; name = metamacros.h; path = Libraries/Mantle/extobjc/metamacros.h; sourceTree = "<group>"; };
		7AA07F151D130E6500305D7F /* GoEuro.app */ = {isa = PBXFileReference; explicitFileType = wrapper.application; includeInIndex = 0; path = GoEuro.app; sourceTree = BUILT_PRODUCTS_DIR; };
		7AA07F191D130E6500305D7F /* main.m */ = {isa = PBXFileReference; lastKnownFileType = sourcecode.c.objc; path = main.m; sourceTree = "<group>"; };
		7AA07F1B1D130E6500305D7F /* AppDelegate.h */ = {isa = PBXFileReference; lastKnownFileType = sourcecode.c.h; path = AppDelegate.h; sourceTree = "<group>"; };
		7AA07F1C1D130E6500305D7F /* AppDelegate.m */ = {isa = PBXFileReference; lastKnownFileType = sourcecode.c.objc; path = AppDelegate.m; sourceTree = "<group>"; };
		7AA07F1E1D130E6500305D7F /* ViewController.h */ = {isa = PBXFileReference; lastKnownFileType = sourcecode.c.h; path = ViewController.h; sourceTree = "<group>"; };
		7AA07F1F1D130E6500305D7F /* ViewController.m */ = {isa = PBXFileReference; lastKnownFileType = sourcecode.c.objc; path = ViewController.m; sourceTree = "<group>"; };
		7AA07F221D130E6500305D7F /* Base */ = {isa = PBXFileReference; lastKnownFileType = file.storyboard; name = Base; path = Base.lproj/Main.storyboard; sourceTree = "<group>"; };
		7AA07F241D130E6500305D7F /* Assets.xcassets */ = {isa = PBXFileReference; lastKnownFileType = folder.assetcatalog; path = Assets.xcassets; sourceTree = "<group>"; };
		7AA07F271D130E6500305D7F /* Base */ = {isa = PBXFileReference; lastKnownFileType = file.storyboard; name = Base; path = Base.lproj/LaunchScreen.storyboard; sourceTree = "<group>"; };
		7AA07F291D130E6500305D7F /* Info.plist */ = {isa = PBXFileReference; lastKnownFileType = text.plist.xml; path = Info.plist; sourceTree = "<group>"; };
		7AA07F2E1D130E6500305D7F /* GoEuroTests.xctest */ = {isa = PBXFileReference; explicitFileType = wrapper.cfbundle; includeInIndex = 0; path = GoEuroTests.xctest; sourceTree = BUILT_PRODUCTS_DIR; };
		7AA07F321D130E6500305D7F /* GoEuroTests.m */ = {isa = PBXFileReference; lastKnownFileType = sourcecode.c.objc; path = GoEuroTests.m; sourceTree = "<group>"; };
		7AA07F341D130E6500305D7F /* Info.plist */ = {isa = PBXFileReference; lastKnownFileType = text.plist.xml; path = Info.plist; sourceTree = "<group>"; };
/* End PBXFileReference section */

/* Begin PBXFrameworksBuildPhase section */
		7AA07F121D130E6500305D7F /* Frameworks */ = {
			isa = PBXFrameworksBuildPhase;
			buildActionMask = 2147483647;
			files = (
			);
			runOnlyForDeploymentPostprocessing = 0;
		};
		7AA07F2B1D130E6500305D7F /* Frameworks */ = {
			isa = PBXFrameworksBuildPhase;
			buildActionMask = 2147483647;
			files = (
			);
			runOnlyForDeploymentPostprocessing = 0;
		};
/* End PBXFrameworksBuildPhase section */

/* Begin PBXGroup section */
		7A35A3061D158E3100AE9E7B /* Services */ = {
			isa = PBXGroup;
			children = (
				7A35A3071D158E6200AE9E7B /* CountryService.h */,
				7A35A3081D158E6200AE9E7B /* CountryService.m */,
			);
			name = Services;
			sourceTree = "<group>";
		};
		7A6438E71D1457D800D1D3F9 /* Models */ = {
			isa = PBXGroup;
			children = (
				7A6438E81D1457F100D1D3F9 /* GECountry.h */,
				7A6438E91D1457F100D1D3F9 /* GECountry.m */,
				7A6438EC1D145C6A00D1D3F9 /* GEGeoPosition.h */,
				7A6438ED1D145C6A00D1D3F9 /* GEGeoPosition.m */,
			);
			name = Models;
			sourceTree = "<group>";
		};
		7A6438EF1D145EEA00D1D3F9 /* Libraries */ = {
			isa = PBXGroup;
			children = (
				7A6438F21D14601800D1D3F9 /* Mantle */,
			);
			name = Libraries;
			sourceTree = "<group>";
		};
		7A6438F21D14601800D1D3F9 /* Mantle */ = {
			isa = PBXGroup;
			children = (
				7A6438F31D14603300D1D3F9 /* Info.plist */,
				7A6438F41D14603300D1D3F9 /* Mantle.h */,
				7A6438F51D14603300D1D3F9 /* MTLJSONAdapter.h */,
				7A6438F61D14603300D1D3F9 /* MTLJSONAdapter.m */,
				7A6438F71D14603300D1D3F9 /* MTLModel.h */,
				7A6438F81D14603300D1D3F9 /* MTLModel.m */,
				7A6438F91D14603300D1D3F9 /* MTLModel+NSCoding.h */,
				7A6438FA1D14603300D1D3F9 /* MTLModel+NSCoding.m */,
				7A6438FB1D14603300D1D3F9 /* MTLReflection.h */,
				7A6438FC1D14603300D1D3F9 /* MTLReflection.m */,
				7A6438FD1D14603300D1D3F9 /* MTLTransformerErrorHandling.h */,
				7A6438FE1D14603300D1D3F9 /* MTLTransformerErrorHandling.m */,
				7A6438FF1D14603300D1D3F9 /* MTLValueTransformer.h */,
				7A6439001D14603300D1D3F9 /* MTLValueTransformer.m */,
				7A6439011D14603300D1D3F9 /* NSArray+MTLManipulationAdditions.h */,
				7A6439021D14603300D1D3F9 /* NSArray+MTLManipulationAdditions.m */,
				7A6439031D14603300D1D3F9 /* NSDictionary+MTLJSONKeyPath.h */,
				7A6439041D14603300D1D3F9 /* NSDictionary+MTLJSONKeyPath.m */,
				7A6439051D14603300D1D3F9 /* NSDictionary+MTLManipulationAdditions.h */,
				7A6439061D14603300D1D3F9 /* NSDictionary+MTLManipulationAdditions.m */,
				7A6439071D14603300D1D3F9 /* NSDictionary+MTLMappingAdditions.h */,
				7A6439081D14603300D1D3F9 /* NSDictionary+MTLMappingAdditions.m */,
				7A6439091D14603300D1D3F9 /* NSError+MTLModelException.h */,
				7A64390A1D14603300D1D3F9 /* NSError+MTLModelException.m */,
				7A6439291D1460A700D1D3F9 /* EXTKeyPathCoding.h */,
				7A64392A1D1460A700D1D3F9 /* EXTRuntimeExtensions.h */,
				7A64392B1D1460A700D1D3F9 /* EXTRuntimeExtensions.m */,
				7A64392C1D1460A700D1D3F9 /* EXTScope.h */,
				7A64392D1D1460A700D1D3F9 /* EXTScope.m */,
				7A64392E1D1460A700D1D3F9 /* metamacros.h */,
				7A64390B1D14603300D1D3F9 /* NSObject+MTLComparisonAdditions.h */,
				7A64390C1D14603300D1D3F9 /* NSObject+MTLComparisonAdditions.m */,
				7A64390D1D14603300D1D3F9 /* NSValueTransformer+MTLInversionAdditions.h */,
				7A64390E1D14603300D1D3F9 /* NSValueTransformer+MTLInversionAdditions.m */,
				7A64390F1D14603300D1D3F9 /* NSValueTransformer+MTLPredefinedTransformerAdditions.h */,
				7A6439101D14603300D1D3F9 /* NSValueTransformer+MTLPredefinedTransformerAdditions.m */,
			);
			name = Mantle;
			sourceTree = "<group>";
		};
		7AA07F0C1D130E6500305D7F = {
			isa = PBXGroup;
			children = (
				7AA07F171D130E6500305D7F /* GoEuro */,
				7AA07F311D130E6500305D7F /* GoEuroTests */,
				7AA07F161D130E6500305D7F /* Products */,
			);
			sourceTree = "<group>";
		};
		7AA07F161D130E6500305D7F /* Products */ = {
			isa = PBXGroup;
			children = (
				7AA07F151D130E6500305D7F /* GoEuro.app */,
				7AA07F2E1D130E6500305D7F /* GoEuroTests.xctest */,
			);
			name = Products;
			sourceTree = "<group>";
		};
		7AA07F171D130E6500305D7F /* GoEuro */ = {
			isa = PBXGroup;
			children = (
				7A35A3061D158E3100AE9E7B /* Services */,
				7A6438EF1D145EEA00D1D3F9 /* Libraries */,
				7A6438E71D1457D800D1D3F9 /* Models */,
				7AA07F1B1D130E6500305D7F /* AppDelegate.h */,
				7AA07F1C1D130E6500305D7F /* AppDelegate.m */,
				7AA07F1E1D130E6500305D7F /* ViewController.h */,
				7AA07F1F1D130E6500305D7F /* ViewController.m */,
				7AA07F211D130E6500305D7F /* Main.storyboard */,
				7AA07F241D130E6500305D7F /* Assets.xcassets */,
				7AA07F261D130E6500305D7F /* LaunchScreen.storyboard */,
				7AA07F291D130E6500305D7F /* Info.plist */,
				7AA07F181D130E6500305D7F /* Supporting Files */,
				7A1361901D16F37B001D82F9 /* CountryCell.h */,
				7A1361911D16F37B001D82F9 /* CountryCell.m */,
			);
			path = GoEuro;
			sourceTree = "<group>";
		};
		7AA07F181D130E6500305D7F /* Supporting Files */ = {
			isa = PBXGroup;
			children = (
				7AA07F191D130E6500305D7F /* main.m */,
			);
			name = "Supporting Files";
			sourceTree = "<group>";
		};
		7AA07F311D130E6500305D7F /* GoEuroTests */ = {
			isa = PBXGroup;
			children = (
				7AA07F321D130E6500305D7F /* GoEuroTests.m */,
				7AA07F341D130E6500305D7F /* Info.plist */,
			);
			path = GoEuroTests;
			sourceTree = "<group>";
		};
/* End PBXGroup section */

/* Begin PBXNativeTarget section */
		7AA07F141D130E6500305D7F /* GoEuro */ = {
			isa = PBXNativeTarget;
			buildConfigurationList = 7AA07F371D130E6500305D7F /* Build configuration list for PBXNativeTarget "GoEuro" */;
			buildPhases = (
				7AA07F111D130E6500305D7F /* Sources */,
				7AA07F121D130E6500305D7F /* Frameworks */,
				7AA07F131D130E6500305D7F /* Resources */,
			);
			buildRules = (
			);
			dependencies = (
			);
			name = GoEuro;
			productName = GoEuro;
			productReference = 7AA07F151D130E6500305D7F /* GoEuro.app */;
			productType = "com.apple.product-type.application";
		};
		7AA07F2D1D130E6500305D7F /* GoEuroTests */ = {
			isa = PBXNativeTarget;
			buildConfigurationList = 7AA07F3A1D130E6500305D7F /* Build configuration list for PBXNativeTarget "GoEuroTests" */;
			buildPhases = (
				7AA07F2A1D130E6500305D7F /* Sources */,
				7AA07F2B1D130E6500305D7F /* Frameworks */,
				7AA07F2C1D130E6500305D7F /* Resources */,
			);
			buildRules = (
			);
			dependencies = (
				7AA07F301D130E6500305D7F /* PBXTargetDependency */,
			);
			name = GoEuroTests;
			productName = GoEuroTests;
			productReference = 7AA07F2E1D130E6500305D7F /* GoEuroTests.xctest */;
			productType = "com.apple.product-type.bundle.unit-test";
		};
/* End PBXNativeTarget section */

/* Begin PBXProject section */
		7AA07F0D1D130E6500305D7F /* Project object */ = {
			isa = PBXProject;
			attributes = {
				LastUpgradeCheck = 0730;
				ORGANIZATIONNAME = "Zoltan Csipler";
				TargetAttributes = {
					7AA07F141D130E6500305D7F = {
						CreatedOnToolsVersion = 7.3;
					};
					7AA07F2D1D130E6500305D7F = {
						CreatedOnToolsVersion = 7.3;
						TestTargetID = 7AA07F141D130E6500305D7F;
					};
				};
			};
			buildConfigurationList = 7AA07F101D130E6500305D7F /* Build configuration list for PBXProject "GoEuro" */;
			compatibilityVersion = "Xcode 3.2";
			developmentRegion = English;
			hasScannedForEncodings = 0;
			knownRegions = (
				en,
				Base,
			);
			mainGroup = 7AA07F0C1D130E6500305D7F;
			productRefGroup = 7AA07F161D130E6500305D7F /* Products */;
			projectDirPath = "";
			projectRoot = "";
			targets = (
				7AA07F141D130E6500305D7F /* GoEuro */,
				7AA07F2D1D130E6500305D7F /* GoEuroTests */,
			);
		};
/* End PBXProject section */

/* Begin PBXResourcesBuildPhase section */
		7AA07F131D130E6500305D7F /* Resources */ = {
			isa = PBXResourcesBuildPhase;
			buildActionMask = 2147483647;
			files = (
				7A6439111D14603300D1D3F9 /* Info.plist in Resources */,
				7AA07F281D130E6500305D7F /* LaunchScreen.storyboard in Resources */,
				7AA07F251D130E6500305D7F /* Assets.xcassets in Resources */,
				7AA07F231D130E6500305D7F /* Main.storyboard in Resources */,
			);
			runOnlyForDeploymentPostprocessing = 0;
		};
		7AA07F2C1D130E6500305D7F /* Resources */ = {
			isa = PBXResourcesBuildPhase;
			buildActionMask = 2147483647;
			files = (
			);
			runOnlyForDeploymentPostprocessing = 0;
		};
/* End PBXResourcesBuildPhase section */

/* Begin PBXSourcesBuildPhase section */
		7AA07F111D130E6500305D7F /* Sources */ = {
			isa = PBXSourcesBuildPhase;
			buildActionMask = 2147483647;
			files = (
				7A6439131D14603300D1D3F9 /* MTLModel.m in Sources */,
				7A6439181D14603300D1D3F9 /* NSArray+MTLManipulationAdditions.m in Sources */,
				7A1361921D16F37B001D82F9 /* CountryCell.m in Sources */,
				7A6438EE1D145C6A00D1D3F9 /* GEGeoPosition.m in Sources */,
				7A6439301D1460A700D1D3F9 /* EXTScope.m in Sources */,
				7A6439121D14603300D1D3F9 /* MTLJSONAdapter.m in Sources */,
				7A6439151D14603300D1D3F9 /* MTLReflection.m in Sources */,
				7AA07F201D130E6500305D7F /* ViewController.m in Sources */,
				7A64392F1D1460A700D1D3F9 /* EXTRuntimeExtensions.m in Sources */,
				7A6439141D14603300D1D3F9 /* MTLModel+NSCoding.m in Sources */,
				7AA07F1D1D130E6500305D7F /* AppDelegate.m in Sources */,
				7A6438EA1D1457F100D1D3F9 /* GECountry.m in Sources */,
				7A64391C1D14603300D1D3F9 /* NSError+MTLModelException.m in Sources */,
				7A35A3091D158E6200AE9E7B /* CountryService.m in Sources */,
				7A64391F1D14603300D1D3F9 /* NSValueTransformer+MTLPredefinedTransformerAdditions.m in Sources */,
				7A64391A1D14603300D1D3F9 /* NSDictionary+MTLManipulationAdditions.m in Sources */,
				7A64391B1D14603300D1D3F9 /* NSDictionary+MTLMappingAdditions.m in Sources */,
				7A64391E1D14603300D1D3F9 /* NSValueTransformer+MTLInversionAdditions.m in Sources */,
				7A64391D1D14603300D1D3F9 /* NSObject+MTLComparisonAdditions.m in Sources */,
				7AA07F1A1D130E6500305D7F /* main.m in Sources */,
				7A6439171D14603300D1D3F9 /* MTLValueTransformer.m in Sources */,
				7A6439161D14603300D1D3F9 /* MTLTransformerErrorHandling.m in Sources */,
				7A6439191D14603300D1D3F9 /* NSDictionary+MTLJSONKeyPath.m in Sources */,
			);
			runOnlyForDeploymentPostprocessing = 0;
		};
		7AA07F2A1D130E6500305D7F /* Sources */ = {
			isa = PBXSourcesBuildPhase;
			buildActionMask = 2147483647;
			files = (
				7AA07F331D130E6500305D7F /* GoEuroTests.m in Sources */,
			);
			runOnlyForDeploymentPostprocessing = 0;
		};
/* End PBXSourcesBuildPhase section */

/* Begin PBXTargetDependency section */
		7AA07F301D130E6500305D7F /* PBXTargetDependency */ = {
			isa = PBXTargetDependency;
			target = 7AA07F141D130E6500305D7F /* GoEuro */;
			targetProxy = 7AA07F2F1D130E6500305D7F /* PBXContainerItemProxy */;
		};
/* End PBXTargetDependency section */

/* Begin PBXVariantGroup section */
		7AA07F211D130E6500305D7F /* Main.storyboard */ = {
			isa = PBXVariantGroup;
			children = (
				7AA07F221D130E6500305D7F /* Base */,
			);
			name = Main.storyboard;
			sourceTree = "<group>";
		};
		7AA07F261D130E6500305D7F /* LaunchScreen.storyboard */ = {
			isa = PBXVariantGroup;
			children = (
				7AA07F271D130E6500305D7F /* Base */,
			);
			name = LaunchScreen.storyboard;
			sourceTree = "<group>";
		};
/* End PBXVariantGroup section */

/* Begin XCBuildConfiguration section */
		7AA07F351D130E6500305D7F /* Debug */ = {
			isa = XCBuildConfiguration;
			buildSettings = {
				ALWAYS_SEARCH_USER_PATHS = NO;
				CLANG_ANALYZER_NONNULL = YES;
				CLANG_CXX_LANGUAGE_STANDARD = "gnu++0x";
				CLANG_CXX_LIBRARY = "libc++";
				CLANG_ENABLE_MODULES = YES;
				CLANG_ENABLE_OBJC_ARC = YES;
				CLANG_WARN_BOOL_CONVERSION = YES;
				CLANG_WARN_CONSTANT_CONVERSION = YES;
				CLANG_WARN_DIRECT_OBJC_ISA_USAGE = YES_ERROR;
				CLANG_WARN_EMPTY_BODY = YES;
				CLANG_WARN_ENUM_CONVERSION = YES;
				CLANG_WARN_INT_CONVERSION = YES;
				CLANG_WARN_OBJC_ROOT_CLASS = YES_ERROR;
				CLANG_WARN_UNREACHABLE_CODE = YES;
				CLANG_WARN__DUPLICATE_METHOD_MATCH = YES;
				"CODE_SIGN_IDENTITY[sdk=iphoneos*]" = "iPhone Developer";
				COPY_PHASE_STRIP = NO;
				DEBUG_INFORMATION_FORMAT = dwarf;
				ENABLE_STRICT_OBJC_MSGSEND = YES;
				ENABLE_TESTABILITY = YES;
				GCC_C_LANGUAGE_STANDARD = gnu99;
				GCC_DYNAMIC_NO_PIC = NO;
				GCC_NO_COMMON_BLOCKS = YES;
				GCC_OPTIMIZATION_LEVEL = 0;
				GCC_PREPROCESSOR_DEFINITIONS = (
					"DEBUG=1",
					"$(inherited)",
				);
				GCC_WARN_64_TO_32_BIT_CONVERSION = YES;
				GCC_WARN_ABOUT_RETURN_TYPE = YES_ERROR;
				GCC_WARN_UNDECLARED_SELECTOR = YES;
				GCC_WARN_UNINITIALIZED_AUTOS = YES_AGGRESSIVE;
				GCC_WARN_UNUSED_FUNCTION = YES;
				GCC_WARN_UNUSED_VARIABLE = YES;
				IPHONEOS_DEPLOYMENT_TARGET = 9.3;
				MTL_ENABLE_DEBUG_INFO = YES;
				ONLY_ACTIVE_ARCH = YES;
				SDKROOT = iphoneos;
				TARGETED_DEVICE_FAMILY = "1,2";
			};
			name = Debug;
		};
		7AA07F361D130E6500305D7F /* Release */ = {
			isa = XCBuildConfiguration;
			buildSettings = {
				ALWAYS_SEARCH_USER_PATHS = NO;
				CLANG_ANALYZER_NONNULL = YES;
				CLANG_CXX_LANGUAGE_STANDARD = "gnu++0x";
				CLANG_CXX_LIBRARY = "libc++";
				CLANG_ENABLE_MODULES = YES;
				CLANG_ENABLE_OBJC_ARC = YES;
				CLANG_WARN_BOOL_CONVERSION = YES;
				CLANG_WARN_CONSTANT_CONVERSION = YES;
				CLANG_WARN_DIRECT_OBJC_ISA_USAGE = YES_ERROR;
				CLANG_WARN_EMPTY_BODY = YES;
				CLANG_WARN_ENUM_CONVERSION = YES;
				CLANG_WARN_INT_CONVERSION = YES;
				CLANG_WARN_OBJC_ROOT_CLASS = YES_ERROR;
				CLANG_WARN_UNREACHABLE_CODE = YES;
				CLANG_WARN__DUPLICATE_METHOD_MATCH = YES;
				"CODE_SIGN_IDENTITY[sdk=iphoneos*]" = "iPhone Developer";
				COPY_PHASE_STRIP = NO;
				DEBUG_INFORMATION_FORMAT = "dwarf-with-dsym";
				ENABLE_NS_ASSERTIONS = NO;
				ENABLE_STRICT_OBJC_MSGSEND = YES;
				GCC_C_LANGUAGE_STANDARD = gnu99;
				GCC_NO_COMMON_BLOCKS = YES;
				GCC_WARN_64_TO_32_BIT_CONVERSION = YES;
				GCC_WARN_ABOUT_RETURN_TYPE = YES_ERROR;
				GCC_WARN_UNDECLARED_SELECTOR = YES;
				GCC_WARN_UNINITIALIZED_AUTOS = YES_AGGRESSIVE;
				GCC_WARN_UNUSED_FUNCTION = YES;
				GCC_WARN_UNUSED_VARIABLE = YES;
				IPHONEOS_DEPLOYMENT_TARGET = 9.3;
				MTL_ENABLE_DEBUG_INFO = NO;
				SDKROOT = iphoneos;
				TARGETED_DEVICE_FAMILY = "1,2";
				VALIDATE_PRODUCT = YES;
			};
			name = Release;
		};
		7AA07F381D130E6500305D7F /* Debug */ = {
			isa = XCBuildConfiguration;
			buildSettings = {
				ASSETCATALOG_COMPILER_APPICON_NAME = AppIcon;
				CLANG_ENABLE_MODULES = YES;
				INFOPLIST_FILE = GoEuro/Info.plist;
				LD_RUNPATH_SEARCH_PATHS = "$(inherited) @executable_path/Frameworks";
				PRODUCT_BUNDLE_IDENTIFIER = goeuro.GoEuro;
				PRODUCT_NAME = "$(TARGET_NAME)";
				SWIFT_OBJC_BRIDGING_HEADER = "GoEuro/GoEuro-Bridging-Header.h";
				SWIFT_OPTIMIZATION_LEVEL = "-Onone";
			};
			name = Debug;
		};
		7AA07F391D130E6500305D7F /* Release */ = {
			isa = XCBuildConfiguration;
			buildSettings = {
				ASSETCATALOG_COMPILER_APPICON_NAME = AppIcon;
				CLANG_ENABLE_MODULES = YES;
				INFOPLIST_FILE = GoEuro/Info.plist;
				LD_RUNPATH_SEARCH_PATHS = "$(inherited) @executable_path/Frameworks";
				PRODUCT_BUNDLE_IDENTIFIER = goeuro.GoEuro;
				PRODUCT_NAME = "$(TARGET_NAME)";
				SWIFT_OBJC_BRIDGING_HEADER = "GoEuro/GoEuro-Bridging-Header.h";
			};
			name = Release;
		};
		7AA07F3B1D130E6500305D7F /* Debug */ = {
			isa = XCBuildConfiguration;
			buildSettings = {
				BUNDLE_LOADER = "$(TEST_HOST)";
				INFOPLIST_FILE = GoEuroTests/Info.plist;
				LD_RUNPATH_SEARCH_PATHS = "$(inherited) @executable_path/Frameworks @loader_path/Frameworks";
				PRODUCT_BUNDLE_IDENTIFIER = goeuro.GoEuroTests;
				PRODUCT_NAME = "$(TARGET_NAME)";
				TEST_HOST = "$(BUILT_PRODUCTS_DIR)/GoEuro.app/GoEuro";
			};
			name = Debug;
		};
		7AA07F3C1D130E6500305D7F /* Release */ = {
			isa = XCBuildConfiguration;
			buildSettings = {
				BUNDLE_LOADER = "$(TEST_HOST)";
				INFOPLIST_FILE = GoEuroTests/Info.plist;
				LD_RUNPATH_SEARCH_PATHS = "$(inherited) @executable_path/Frameworks @loader_path/Frameworks";
				PRODUCT_BUNDLE_IDENTIFIER = goeuro.GoEuroTests;
				PRODUCT_NAME = "$(TARGET_NAME)";
				TEST_HOST = "$(BUILT_PRODUCTS_DIR)/GoEuro.app/GoEuro";
			};
			name = Release;
		};
/* End XCBuildConfiguration section */

/* Begin XCConfigurationList section */
		7AA07F101D130E6500305D7F /* Build configuration list for PBXProject "GoEuro" */ = {
			isa = XCConfigurationList;
			buildConfigurations = (
				7AA07F351D130E6500305D7F /* Debug */,
				7AA07F361D130E6500305D7F /* Release */,
			);
			defaultConfigurationIsVisible = 0;
			defaultConfigurationName = Release;
		};
		7AA07F371D130E6500305D7F /* Build configuration list for PBXNativeTarget "GoEuro" */ = {
			isa = XCConfigurationList;
			buildConfigurations = (
				7AA07F381D130E6500305D7F /* Debug */,
				7AA07F391D130E6500305D7F /* Release */,
			);
			defaultConfigurationIsVisible = 0;
			defaultConfigurationName = Release;
		};
		7AA07F3A1D130E6500305D7F /* Build configuration list for PBXNativeTarget "GoEuroTests" */ = {
			isa = XCConfigurationList;
			buildConfigurations = (
				7AA07F3B1D130E6500305D7F /* Debug */,
				7AA07F3C1D130E6500305D7F /* Release */,
			);
			defaultConfigurationIsVisible = 0;
			defaultConfigurationName = Release;
		};
/* End XCConfigurationList section */
	};
	rootObject = 7AA07F0D1D130E6500305D7F /* Project object */;
}
